
Microsoft Visual Studio Solution File, Format Version 12.00
# Visual Studio Version 17
VisualStudioVersion = 17.4.33205.214
MinimumVisualStudioVersion = 10.0.40219.1
Project("{FAE04EC0-301F-11D3-BF4B-00C04F79EFBC}") = "WpfResoursesApp", "WpfResoursesApp\WpfResoursesApp.csproj", "{2D2B548D-FD0C-439B-816E-24BCF1904C12}"
EndProject
Global
	GlobalSection(SolutionConfigurationPlatforms) = preSolution
		Debug|Any CPU = Debug|Any CPU
		Release|Any CPU = Release|Any CPU
	EndGlobalSection
	GlobalSection(ProjectConfigurationPlatforms) = postSolution
		{2D2B548D-FD0C-439B-816E-24BCF1904C12}.Debug|Any CPU.ActiveCfg = Debug|Any CPU
		{2D2B548D-FD0C-439B-816E-24BCF1904C12}.Debug|Any CPU.Build.0 = Debug|Any CPU
		{2D2B548D-FD0C-439B-816E-24BCF1904C12}.Release|Any CPU.ActiveCfg = Release|Any CPU
		{2D2B548D-FD0C-439B-816E-24BCF1904C12}.Release|Any CPU.Build.0 = Release|Any CPU
	EndGlobalSection
	GlobalSection(SolutionProperties) = preSolution
		HideSolutionNode = FALSE
	EndGlobalSection
	GlobalSection(ExtensibilityGlobals) = postSolution
		SolutionGuid = {8D29C160-72FC-486A-943A-3766B8EC0EFC}
	EndGlobalSection
EndGlobal
